
Microsoft Visual Studio Solution File, Format Version 12.00
# Visual Studio Version 17
VisualStudioVersion = 17.1.32414.318
MinimumVisualStudioVersion = 10.0.40219.1
Project("{FAE04EC0-301F-11D3-BF4B-00C04F79EFBC}") = "ModernDashboard", "ModernDashboard\ModernDashboard.csproj", "{37D5C100-6CA6-4955-80D4-54816A4D4994}"
EndProject
Global
	GlobalSection(SolutionConfigurationPlatforms) = preSolution
		Debug|Any CPU = Debug|Any CPU
		Release|Any CPU = Release|Any CPU
	EndGlobalSection
	GlobalSection(ProjectConfigurationPlatforms) = postSolution
		{37D5C100-6CA6-4955-80D4-54816A4D4994}.Debug|Any CPU.ActiveCfg = Debug|Any CPU
		{37D5C100-6CA6-4955-80D4-54816A4D4994}.Debug|Any CPU.Build.0 = Debug|Any CPU
		{37D5C100-6CA6-4955-80D4-54816A4D4994}.Release|Any CPU.ActiveCfg = Release|Any CPU
		{37D5C100-6CA6-4955-80D4-54816A4D4994}.Release|Any CPU.Build.0 = Release|Any CPU
	EndGlobalSection
	GlobalSection(SolutionProperties) = preSolution
		HideSolutionNode = FALSE
	EndGlobalSection
	GlobalSection(ExtensibilityGlobals) = postSolution
		SolutionGuid = {99D5AA00-C06C-4419-84F1-2846A27EEB96}
	EndGlobalSection
EndGlobal
